
Microsoft Visual Studio Solution File, Format Version 12.00
# Visual Studio Version 17
VisualStudioVersion = 17.13.35919.96
MinimumVisualStudioVersion = 10.0.40219.1
Project("{FAE04EC0-301F-11D3-BF4B-00C04F79EFBC}") = "NewsAPI-Backend", "NewsAPI-Backend.csproj", "{53B0CA4E-AA20-4255-B91F-6161E09BA394}"
EndProject
Project("{FAE04EC0-301F-11D3-BF4B-00C04F79EFBC}") = "NewsAPI-ServiceLayer", "..\NewsAPI-ServiceLayer\NewsAPI-ServiceLayer.csproj", "{4040220E-35C3-4314-BA95-97148735007E}"
EndProject
Project("{FAE04EC0-301F-11D3-BF4B-00C04F79EFBC}") = "NewsAPI-DataAccesLayer", "..\NewsAPI-DataAccesLayer\NewsAPI-DataAccesLayer.csproj", "{F32CFFFE-31F7-4336-9445-339D77A618B3}"
EndProject
Project("{FAE04EC0-301F-11D3-BF4B-00C04F79EFBC}") = "NewsAPI-Shared", "..\NewsAPI-Shared\NewsAPI-Shared.csproj", "{21827197-8905-4614-9C68-4BBB52FB6DB0}"
EndProject
Project("{FAE04EC0-301F-11D3-BF4B-00C04F79EFBC}") = "NewsAPI-Backend.Tests", "..\NewsAPI-Backend.Tests\NewsAPI-Backend.Tests.csproj", "{7D6EC74A-992E-425C-86D7-F0AF7755D475}"
EndProject
Global
	GlobalSection(SolutionConfigurationPlatforms) = preSolution
		Debug|Any CPU = Debug|Any CPU
		Release|Any CPU = Release|Any CPU
	EndGlobalSection
	GlobalSection(ProjectConfigurationPlatforms) = postSolution
		{53B0CA4E-AA20-4255-B91F-6161E09BA394}.Debug|Any CPU.ActiveCfg = Debug|Any CPU
		{53B0CA4E-AA20-4255-B91F-6161E09BA394}.Debug|Any CPU.Build.0 = Debug|Any CPU
		{53B0CA4E-AA20-4255-B91F-6161E09BA394}.Release|Any CPU.ActiveCfg = Release|Any CPU
		{53B0CA4E-AA20-4255-B91F-6161E09BA394}.Release|Any CPU.Build.0 = Release|Any CPU
		{4040220E-35C3-4314-BA95-97148735007E}.Debug|Any CPU.ActiveCfg = Debug|Any CPU
		{4040220E-35C3-4314-BA95-97148735007E}.Debug|Any CPU.Build.0 = Debug|Any CPU
		{4040220E-35C3-4314-BA95-97148735007E}.Release|Any CPU.ActiveCfg = Release|Any CPU
		{4040220E-35C3-4314-BA95-97148735007E}.Release|Any CPU.Build.0 = Release|Any CPU
		{F32CFFFE-31F7-4336-9445-339D77A618B3}.Debug|Any CPU.ActiveCfg = Debug|Any CPU
		{F32CFFFE-31F7-4336-9445-339D77A618B3}.Debug|Any CPU.Build.0 = Debug|Any CPU
		{F32CFFFE-31F7-4336-9445-339D77A618B3}.Release|Any CPU.ActiveCfg = Release|Any CPU
		{F32CFFFE-31F7-4336-9445-339D77A618B3}.Release|Any CPU.Build.0 = Release|Any CPU
		{21827197-8905-4614-9C68-4BBB52FB6DB0}.Debug|Any CPU.ActiveCfg = Debug|Any CPU
		{21827197-8905-4614-9C68-4BBB52FB6DB0}.Debug|Any CPU.Build.0 = Debug|Any CPU
		{21827197-8905-4614-9C68-4BBB52FB6DB0}.Release|Any CPU.ActiveCfg = Release|Any CPU
		{21827197-8905-4614-9C68-4BBB52FB6DB0}.Release|Any CPU.Build.0 = Release|Any CPU
		{7D6EC74A-992E-425C-86D7-F0AF7755D475}.Debug|Any CPU.ActiveCfg = Debug|Any CPU
		{7D6EC74A-992E-425C-86D7-F0AF7755D475}.Debug|Any CPU.Build.0 = Debug|Any CPU
		{7D6EC74A-992E-425C-86D7-F0AF7755D475}.Release|Any CPU.ActiveCfg = Release|Any CPU
		{7D6EC74A-992E-425C-86D7-F0AF7755D475}.Release|Any CPU.Build.0 = Release|Any CPU
	EndGlobalSection
	GlobalSection(SolutionProperties) = preSolution
		HideSolutionNode = FALSE
	EndGlobalSection
	GlobalSection(ExtensibilityGlobals) = postSolution
		SolutionGuid = {E2B4877F-FE4A-4BEC-ADE8-AD923F62F1B6}
	EndGlobalSection
EndGlobal
